
Microsoft Visual Studio Solution File, Format Version 12.00
# Visual Studio Version 16
VisualStudioVersion = 16.0.30621.155
MinimumVisualStudioVersion = 10.0.40219.1
Project("{FAE04EC0-301F-11D3-BF4B-00C04F79EFBC}") = "prjSecondApplication", "prjSecondApplication\prjSecondApplication.csproj", "{16932900-C217-4614-9969-65ABF933991A}"
EndProject
Global
	GlobalSection(SolutionConfigurationPlatforms) = preSolution
		Debug|Any CPU = Debug|Any CPU
		Release|Any CPU = Release|Any CPU
	EndGlobalSection
	GlobalSection(ProjectConfigurationPlatforms) = postSolution
		{16932900-C217-4614-9969-65ABF933991A}.Debug|Any CPU.ActiveCfg = Debug|Any CPU
		{16932900-C217-4614-9969-65ABF933991A}.Debug|Any CPU.Build.0 = Debug|Any CPU
		{16932900-C217-4614-9969-65ABF933991A}.Release|Any CPU.ActiveCfg = Release|Any CPU
		{16932900-C217-4614-9969-65ABF933991A}.Release|Any CPU.Build.0 = Release|Any CPU
	EndGlobalSection
	GlobalSection(SolutionProperties) = preSolution
		HideSolutionNode = FALSE
	EndGlobalSection
	GlobalSection(ExtensibilityGlobals) = postSolution
		SolutionGuid = {4681D8FF-4630-420C-918A-36613975C560}
	EndGlobalSection
EndGlobal
