
Microsoft Visual Studio Solution File, Format Version 12.00
# Visual Studio Version 16
VisualStudioVersion = 16.0.30611.23
MinimumVisualStudioVersion = 10.0.40219.1
Project("{FAE04EC0-301F-11D3-BF4B-00C04F79EFBC}") = "E_CommerceSite", "E_CommerceSite\E_CommerceSite.csproj", "{414CFB9B-37E4-4B82-A689-A99697F98DBD}"
EndProject
Global
	GlobalSection(SolutionConfigurationPlatforms) = preSolution
		Debug|Any CPU = Debug|Any CPU
		Release|Any CPU = Release|Any CPU
	EndGlobalSection
	GlobalSection(ProjectConfigurationPlatforms) = postSolution
		{414CFB9B-37E4-4B82-A689-A99697F98DBD}.Debug|Any CPU.ActiveCfg = Debug|Any CPU
		{414CFB9B-37E4-4B82-A689-A99697F98DBD}.Debug|Any CPU.Build.0 = Debug|Any CPU
		{414CFB9B-37E4-4B82-A689-A99697F98DBD}.Release|Any CPU.ActiveCfg = Release|Any CPU
		{414CFB9B-37E4-4B82-A689-A99697F98DBD}.Release|Any CPU.Build.0 = Release|Any CPU
	EndGlobalSection
	GlobalSection(SolutionProperties) = preSolution
		HideSolutionNode = FALSE
	EndGlobalSection
	GlobalSection(ExtensibilityGlobals) = postSolution
		SolutionGuid = {3D70EEB9-CD33-427E-82A0-68EA6E1AF603}
	EndGlobalSection
EndGlobal
