
Microsoft Visual Studio Solution File, Format Version 12.00
# Visual Studio Version 16
VisualStudioVersion = 16.0.30611.23
MinimumVisualStudioVersion = 10.0.40219.1
Project("{FAE04EC0-301F-11D3-BF4B-00C04F79EFBC}") = "LTIMain", "LTIMain\LTIMain.csproj", "{3042F1A2-B3E4-4C17-99BE-C1F2DE2B948C}"
EndProject
Global
	GlobalSection(SolutionConfigurationPlatforms) = preSolution
		Debug|Any CPU = Debug|Any CPU
		Release|Any CPU = Release|Any CPU
	EndGlobalSection
	GlobalSection(ProjectConfigurationPlatforms) = postSolution
		{3042F1A2-B3E4-4C17-99BE-C1F2DE2B948C}.Debug|Any CPU.ActiveCfg = Debug|Any CPU
		{3042F1A2-B3E4-4C17-99BE-C1F2DE2B948C}.Debug|Any CPU.Build.0 = Debug|Any CPU
		{3042F1A2-B3E4-4C17-99BE-C1F2DE2B948C}.Release|Any CPU.ActiveCfg = Release|Any CPU
		{3042F1A2-B3E4-4C17-99BE-C1F2DE2B948C}.Release|Any CPU.Build.0 = Release|Any CPU
	EndGlobalSection
	GlobalSection(SolutionProperties) = preSolution
		HideSolutionNode = FALSE
	EndGlobalSection
	GlobalSection(ExtensibilityGlobals) = postSolution
		SolutionGuid = {7516CC68-4642-44B7-AA16-CE9E200ADD8C}
	EndGlobalSection
EndGlobal
